
Microsoft Visual Studio Solution File, Format Version 12.00
# Visual Studio Version 17
VisualStudioVersion = 17.6.33829.357
MinimumVisualStudioVersion = 10.0.40219.1
Project("{FAE04EC0-301F-11D3-BF4B-00C04F79EFBC}") = "PracticeWebAPI", "PracticeWebAPI.csproj", "{CACAD4FF-CE13-4573-BC0F-F7FBE1C229AB}"
EndProject
Global
	GlobalSection(SolutionConfigurationPlatforms) = preSolution
		Debug|Any CPU = Debug|Any CPU
		Release|Any CPU = Release|Any CPU
	EndGlobalSection
	GlobalSection(ProjectConfigurationPlatforms) = postSolution
		{CACAD4FF-CE13-4573-BC0F-F7FBE1C229AB}.Debug|Any CPU.ActiveCfg = Debug|Any CPU
		{CACAD4FF-CE13-4573-BC0F-F7FBE1C229AB}.Debug|Any CPU.Build.0 = Debug|Any CPU
		{CACAD4FF-CE13-4573-BC0F-F7FBE1C229AB}.Release|Any CPU.ActiveCfg = Release|Any CPU
		{CACAD4FF-CE13-4573-BC0F-F7FBE1C229AB}.Release|Any CPU.Build.0 = Release|Any CPU
	EndGlobalSection
	GlobalSection(SolutionProperties) = preSolution
		HideSolutionNode = FALSE
	EndGlobalSection
	GlobalSection(ExtensibilityGlobals) = postSolution
		SolutionGuid = {5ABB4FA7-CA09-436A-A741-5A0A7E4F7477}
	EndGlobalSection
EndGlobal
