
Microsoft Visual Studio Solution File, Format Version 12.00
# Visual Studio Version 17
VisualStudioVersion = 17.6.33829.357
MinimumVisualStudioVersion = 10.0.40219.1
Project("{9A19103F-16F7-4668-BE54-9A1E7A4F7556}") = "DatatypesPractice", "DatatypesPractice\DatatypesPractice.csproj", "{57169CE6-CB53-46F4-90A9-4BA4948F3EB6}"
EndProject
Global
	GlobalSection(SolutionConfigurationPlatforms) = preSolution
		Debug|Any CPU = Debug|Any CPU
		Release|Any CPU = Release|Any CPU
	EndGlobalSection
	GlobalSection(ProjectConfigurationPlatforms) = postSolution
		{57169CE6-CB53-46F4-90A9-4BA4948F3EB6}.Debug|Any CPU.ActiveCfg = Debug|Any CPU
		{57169CE6-CB53-46F4-90A9-4BA4948F3EB6}.Debug|Any CPU.Build.0 = Debug|Any CPU
		{57169CE6-CB53-46F4-90A9-4BA4948F3EB6}.Release|Any CPU.ActiveCfg = Release|Any CPU
		{57169CE6-CB53-46F4-90A9-4BA4948F3EB6}.Release|Any CPU.Build.0 = Release|Any CPU
	EndGlobalSection
	GlobalSection(SolutionProperties) = preSolution
		HideSolutionNode = FALSE
	EndGlobalSection
	GlobalSection(ExtensibilityGlobals) = postSolution
		SolutionGuid = {09AFBE1C-09FF-428C-92F3-4A0DD8AAC6C3}
	EndGlobalSection
EndGlobal
